
Microsoft Visual Studio Solution File, Format Version 12.00
# Visual Studio Version 16
VisualStudioVersion = 16.0.31515.178
MinimumVisualStudioVersion = 10.0.40219.1
Project("{FAE04EC0-301F-11D3-BF4B-00C04F79EFBC}") = "FormConsome", "FormConsome\FormConsome.csproj", "{093FB249-1389-4335-ACF3-1723FA1E4AD9}"
EndProject
Global
	GlobalSection(SolutionConfigurationPlatforms) = preSolution
		Debug|Any CPU = Debug|Any CPU
		Release|Any CPU = Release|Any CPU
	EndGlobalSection
	GlobalSection(ProjectConfigurationPlatforms) = postSolution
		{093FB249-1389-4335-ACF3-1723FA1E4AD9}.Debug|Any CPU.ActiveCfg = Debug|Any CPU
		{093FB249-1389-4335-ACF3-1723FA1E4AD9}.Debug|Any CPU.Build.0 = Debug|Any CPU
		{093FB249-1389-4335-ACF3-1723FA1E4AD9}.Release|Any CPU.ActiveCfg = Release|Any CPU
		{093FB249-1389-4335-ACF3-1723FA1E4AD9}.Release|Any CPU.Build.0 = Release|Any CPU
	EndGlobalSection
	GlobalSection(SolutionProperties) = preSolution
		HideSolutionNode = FALSE
	EndGlobalSection
	GlobalSection(ExtensibilityGlobals) = postSolution
		SolutionGuid = {55E9FA62-632B-4541-A43F-EBAC69C70001}
	EndGlobalSection
EndGlobal
